
Microsoft Visual Studio Solution File, Format Version 12.00
# Visual Studio Version 16
VisualStudioVersion = 16.0.30907.101
MinimumVisualStudioVersion = 10.0.40219.1
Project("{FAE04EC0-301F-11D3-BF4B-00C04F79EFBC}") = "planes_prueba", "planes_prueba.csproj", "{7DEE03B5-8E70-44A3-B810-44452EB16113}"
EndProject
Global
	GlobalSection(SolutionConfigurationPlatforms) = preSolution
		Debug|Any CPU = Debug|Any CPU
		Release|Any CPU = Release|Any CPU
	EndGlobalSection
	GlobalSection(ProjectConfigurationPlatforms) = postSolution
		{7DEE03B5-8E70-44A3-B810-44452EB16113}.Debug|Any CPU.ActiveCfg = Debug|Any CPU
		{7DEE03B5-8E70-44A3-B810-44452EB16113}.Debug|Any CPU.Build.0 = Debug|Any CPU
		{7DEE03B5-8E70-44A3-B810-44452EB16113}.Release|Any CPU.ActiveCfg = Release|Any CPU
		{7DEE03B5-8E70-44A3-B810-44452EB16113}.Release|Any CPU.Build.0 = Release|Any CPU
	EndGlobalSection
	GlobalSection(SolutionProperties) = preSolution
		HideSolutionNode = FALSE
	EndGlobalSection
	GlobalSection(ExtensibilityGlobals) = postSolution
		SolutionGuid = {73AEB7CA-0080-442E-B6E2-F686B43CB48E}
	EndGlobalSection
EndGlobal
